
Microsoft Visual Studio Solution File, Format Version 12.00
# Visual Studio Version 17
VisualStudioVersion = 17.0.32126.317
MinimumVisualStudioVersion = 10.0.40219.1
Project("{FAE04EC0-301F-11D3-BF4B-00C04F79EFBC}") = "Messenger", "Messenger.csproj", "{7AC88AC9-9DE8-4D45-BBC4-3C25B3515435}"
EndProject
Project("{FAE04EC0-301F-11D3-BF4B-00C04F79EFBC}") = "Server", "..\Server\Server.csproj", "{8F580D16-F58B-47F1-8062-15A1B8CD420D}"
EndProject
Global
	GlobalSection(SolutionConfigurationPlatforms) = preSolution
		Debug|Any CPU = Debug|Any CPU
		Release|Any CPU = Release|Any CPU
	EndGlobalSection
	GlobalSection(ProjectConfigurationPlatforms) = postSolution
		{7AC88AC9-9DE8-4D45-BBC4-3C25B3515435}.Debug|Any CPU.ActiveCfg = Debug|Any CPU
		{7AC88AC9-9DE8-4D45-BBC4-3C25B3515435}.Debug|Any CPU.Build.0 = Debug|Any CPU
		{7AC88AC9-9DE8-4D45-BBC4-3C25B3515435}.Release|Any CPU.ActiveCfg = Release|Any CPU
		{7AC88AC9-9DE8-4D45-BBC4-3C25B3515435}.Release|Any CPU.Build.0 = Release|Any CPU
		{8F580D16-F58B-47F1-8062-15A1B8CD420D}.Debug|Any CPU.ActiveCfg = Debug|Any CPU
		{8F580D16-F58B-47F1-8062-15A1B8CD420D}.Debug|Any CPU.Build.0 = Debug|Any CPU
		{8F580D16-F58B-47F1-8062-15A1B8CD420D}.Release|Any CPU.ActiveCfg = Release|Any CPU
		{8F580D16-F58B-47F1-8062-15A1B8CD420D}.Release|Any CPU.Build.0 = Release|Any CPU
	EndGlobalSection
	GlobalSection(SolutionProperties) = preSolution
		HideSolutionNode = FALSE
	EndGlobalSection
	GlobalSection(ExtensibilityGlobals) = postSolution
		SolutionGuid = {B7E8205F-2F58-4E75-8EC5-2179036CBAD1}
	EndGlobalSection
EndGlobal
